
Microsoft Visual Studio Solution File, Format Version 12.00
# Visual Studio Version 17
VisualStudioVersion = 17.0.31903.59
MinimumVisualStudioVersion = 10.0.40219.1
Project("{FAE04EC0-301F-11D3-BF4B-00C04F79EFBC}") = "Task1", "Task1\Task1.csproj", "{C1BEE926-1076-420D-9D16-601914840806}"
EndProject
Project("{FAE04EC0-301F-11D3-BF4B-00C04F79EFBC}") = "Task2", "Task2\Task2.csproj", "{3D6FF2F5-0A29-4693-A857-7E63CDBD330B}"
EndProject
Project("{FAE04EC0-301F-11D3-BF4B-00C04F79EFBC}") = "Task3", "Task3\Task3.csproj", "{49D55935-55D3-4929-A7CD-A82E7CA3E9D8}"
EndProject
Global
	GlobalSection(SolutionConfigurationPlatforms) = preSolution
		Debug|Any CPU = Debug|Any CPU
		Release|Any CPU = Release|Any CPU
	EndGlobalSection
	GlobalSection(SolutionProperties) = preSolution
		HideSolutionNode = FALSE
	EndGlobalSection
	GlobalSection(ProjectConfigurationPlatforms) = postSolution
		{C1BEE926-1076-420D-9D16-601914840806}.Debug|Any CPU.ActiveCfg = Debug|Any CPU
		{C1BEE926-1076-420D-9D16-601914840806}.Debug|Any CPU.Build.0 = Debug|Any CPU
		{C1BEE926-1076-420D-9D16-601914840806}.Release|Any CPU.ActiveCfg = Release|Any CPU
		{C1BEE926-1076-420D-9D16-601914840806}.Release|Any CPU.Build.0 = Release|Any CPU
		{3D6FF2F5-0A29-4693-A857-7E63CDBD330B}.Debug|Any CPU.ActiveCfg = Debug|Any CPU
		{3D6FF2F5-0A29-4693-A857-7E63CDBD330B}.Debug|Any CPU.Build.0 = Debug|Any CPU
		{3D6FF2F5-0A29-4693-A857-7E63CDBD330B}.Release|Any CPU.ActiveCfg = Release|Any CPU
		{3D6FF2F5-0A29-4693-A857-7E63CDBD330B}.Release|Any CPU.Build.0 = Release|Any CPU
		{49D55935-55D3-4929-A7CD-A82E7CA3E9D8}.Debug|Any CPU.ActiveCfg = Debug|Any CPU
		{49D55935-55D3-4929-A7CD-A82E7CA3E9D8}.Debug|Any CPU.Build.0 = Debug|Any CPU
		{49D55935-55D3-4929-A7CD-A82E7CA3E9D8}.Release|Any CPU.ActiveCfg = Release|Any CPU
		{49D55935-55D3-4929-A7CD-A82E7CA3E9D8}.Release|Any CPU.Build.0 = Release|Any CPU
	EndGlobalSection
EndGlobal
